{
  "requires": true,
  "lockfileVersion": 1,
  "dependencies": {
    "semantic-ui-vue": {
      "version": "0.11.0",
      "resolved": "https://registry.npmjs.org/semantic-ui-vue/-/semantic-ui-vue-0.11.0.tgz",
      "integrity": "sha512-wQE7zn7TIOPbLzbUp5hhIzivEkV6qk/i+Vc/BCQCQH7thF7UWqsEAcWWrlskwMTD48uoqGGUHIEN+kxsy0W3mA=="
    }
  }
}
